// !$*UTF8*$!
{
	archiveVersion = 1;
	classes = {
	};
	objectVersion = 55;
	objects = {

/* Begin PBXBuildFile section */
		BBD4E7FA27457F1000C7A0FF /* AppDelegate.swift in Sources */ = {isa = PBXBuildFile; fileRef = BBD4E7F927457F1000C7A0FF /* AppDelegate.swift */; };
		BBD4E7FC27457F1000C7A0FF /* SceneDelegate.swift in Sources */ = {isa = PBXBuildFile; fileRef = BBD4E7FB27457F1000C7A0FF /* SceneDelegate.swift */; };
		BBD4E7FE27457F1000C7A0FF /* ViewController.swift in Sources */ = {isa = PBXBuildFile; fileRef = BBD4E7FD27457F1000C7A0FF /* ViewController.swift */; };
		BBD4E80127457F1000C7A0FF /* Main.storyboard in Resources */ = {isa = PBXBuildFile; fileRef = BBD4E7FF27457F1000C7A0FF /* Main.storyboard */; };
		BBD4E80327457F1200C7A0FF /* Assets.xcassets in Resources */ = {isa = PBXBuildFile; fileRef = BBD4E80227457F1200C7A0FF /* Assets.xcassets */; };
		BBD4E80627457F1200C7A0FF /* LaunchScreen.storyboard in Resources */ = {isa = PBXBuildFile; fileRef = BBD4E80427457F1200C7A0FF /* LaunchScreen.storyboard */; };
		BBD4E81127457F1200C7A0FF /* JustDropItTests.swift in Sources */ = {isa = PBXBuildFile; fileRef = BBD4E81027457F1200C7A0FF /* JustDropItTests.swift */; };
		BBD4E81B27457F1200C7A0FF /* JustDropItUITests.swift in Sources */ = {isa = PBXBuildFile; fileRef = BBD4E81A27457F1200C7A0FF /* JustDropItUITests.swift */; };
		BBD4E81D27457F1200C7A0FF /* JustDropItUITestsLaunchTests.swift in Sources */ = {isa = PBXBuildFile; fileRef = BBD4E81C27457F1200C7A0FF /* JustDropItUITestsLaunchTests.swift */; };
/* End PBXBuildFile section */

/* Begin PBXContainerItemProxy section */
		BBD4E80D27457F1200C7A0FF /* PBXContainerItemProxy */ = {
			isa = PBXContainerItemProxy;
			containerPortal = BBD4E7EE27457F1000C7A0FF /* Project object */;
			proxyType = 1;
			remoteGlobalIDString = BBD4E7F527457F1000C7A0FF;
			remoteInfo = JustDropIt;
		};
		BBD4E81727457F1200C7A0FF /* PBXContainerItemProxy */ = {
			isa = PBXContainerItemProxy;
			containerPortal = BBD4E7EE27457F1000C7A0FF /* Project object */;
			proxyType = 1;
			remoteGlobalIDString = BBD4E7F527457F1000C7A0FF;
			remoteInfo = JustDropIt;
		};
/* End PBXContainerItemProxy section */

/* Begin PBXFileReference section */
		BBD4E7F627457F1000C7A0FF /* JustDropIt.app */ = {isa = PBXFileReference; explicitFileType = wrapper.application; includeInIndex = 0; path = JustDropIt.app; sourceTree = BUILT_PRODUCTS_DIR; };
		BBD4E7F927457F1000C7A0FF /* AppDelegate.swift */ = {isa = PBXFileReference; lastKnownFileType = sourcecode.swift; path = AppDelegate.swift; sourceTree = "<group>"; };
		BBD4E7FB27457F1000C7A0FF /* SceneDelegate.swift */ = {isa = PBXFileReference; lastKnownFileType = sourcecode.swift; path = SceneDelegate.swift; sourceTree = "<group>"; };
		BBD4E7FD27457F1000C7A0FF /* ViewController.swift */ = {isa = PBXFileReference; lastKnownFileType = sourcecode.swift; path = ViewController.swift; sourceTree = "<group>"; };
		BBD4E80027457F1000C7A0FF /* Base */ = {isa = PBXFileReference; lastKnownFileType = file.storyboard; name = Base; path = Base.lproj/Main.storyboard; sourceTree = "<group>"; };
		BBD4E80227457F1200C7A0FF /* Assets.xcassets */ = {isa = PBXFileReference; lastKnownFileType = folder.assetcatalog; path = Assets.xcassets; sourceTree = "<group>"; };
		BBD4E80527457F1200C7A0FF /* Base */ = {isa = PBXFileReference; lastKnownFileType = file.storyboard; name = Base; path = Base.lproj/LaunchScreen.storyboard; sourceTree = "<group>"; };
		BBD4E80727457F1200C7A0FF /* Info.plist */ = {isa = PBXFileReference; lastKnownFileType = text.plist.xml; path = Info.plist; sourceTree = "<group>"; };
		BBD4E80C27457F1200C7A0FF /* JustDropItTests.xctest */ = {isa = PBXFileReference; explicitFileType = wrapper.cfbundle; includeInIndex = 0; path = JustDropItTests.xctest; sourceTree = BUILT_PRODUCTS_DIR; };
		BBD4E81027457F1200C7A0FF /* JustDropItTests.swift */ = {isa = PBXFileReference; lastKnownFileType = sourcecode.swift; path = JustDropItTests.swift; sourceTree = "<group>"; };
		BBD4E81627457F1200C7A0FF /* JustDropItUITests.xctest */ = {isa = PBXFileReference; explicitFileType = wrapper.cfbundle; includeInIndex = 0; path = JustDropItUITests.xctest; sourceTree = BUILT_PRODUCTS_DIR; };
		BBD4E81A27457F1200C7A0FF /* JustDropItUITests.swift */ = {isa = PBXFileReference; lastKnownFileType = sourcecode.swift; path = JustDropItUITests.swift; sourceTree = "<group>"; };
		BBD4E81C27457F1200C7A0FF /* JustDropItUITestsLaunchTests.swift */ = {isa = PBXFileReference; lastKnownFileType = sourcecode.swift; path = JustDropItUITestsLaunchTests.swift; sourceTree = "<group>"; };
/* End PBXFileReference section */

/* Begin PBXFrameworksBuildPhase section */
		BBD4E7F327457F1000C7A0FF /* Frameworks */ = {
			isa = PBXFrameworksBuildPhase;
			buildActionMask = 2147483647;
			files = (
			);
			runOnlyForDeploymentPostprocessing = 0;
		};
		BBD4E80927457F1200C7A0FF /* Frameworks */ = {
			isa = PBXFrameworksBuildPhase;
			buildActionMask = 2147483647;
			files = (
			);
			runOnlyForDeploymentPostprocessing = 0;
		};
		BBD4E81327457F1200C7A0FF /* Frameworks */ = {
			isa = PBXFrameworksBuildPhase;
			buildActionMask = 2147483647;
			files = (
			);
			runOnlyForDeploymentPostprocessing = 0;
		};
/* End PBXFrameworksBuildPhase section */

/* Begin PBXGroup section */
		BBD4E7ED27457F1000C7A0FF = {
			isa = PBXGroup;
			children = (
				BBD4E7F827457F1000C7A0FF /* JustDropIt */,
				BBD4E80F27457F1200C7A0FF /* JustDropItTests */,
				BBD4E81927457F1200C7A0FF /* JustDropItUITests */,
				BBD4E7F727457F1000C7A0FF /* Products */,
			);
			sourceTree = "<group>";
		};
		BBD4E7F727457F1000C7A0FF /* Products */ = {
			isa = PBXGroup;
			children = (
				BBD4E7F627457F1000C7A0FF /* JustDropIt.app */,
				BBD4E80C27457F1200C7A0FF /* JustDropItTests.xctest */,
				BBD4E81627457F1200C7A0FF /* JustDropItUITests.xctest */,
			);
			name = Products;
			sourceTree = "<group>";
		};
		BBD4E7F827457F1000C7A0FF /* JustDropIt */ = {
			isa = PBXGroup;
			children = (
				BBD4E7F927457F1000C7A0FF /* AppDelegate.swift */,
				BBD4E7FB27457F1000C7A0FF /* SceneDelegate.swift */,
				BBD4E7FD27457F1000C7A0FF /* ViewController.swift */,
				BBD4E7FF27457F1000C7A0FF /* Main.storyboard */,
				BBD4E80227457F1200C7A0FF /* Assets.xcassets */,
				BBD4E80427457F1200C7A0FF /* LaunchScreen.storyboard */,
				BBD4E80727457F1200C7A0FF /* Info.plist */,
			);
			path = JustDropIt;
			sourceTree = "<group>";
		};
		BBD4E80F27457F1200C7A0FF /* JustDropItTests */ = {
			isa = PBXGroup;
			children = (
				BBD4E81027457F1200C7A0FF /* JustDropItTests.swift */,
			);
			path = JustDropItTests;
			sourceTree = "<group>";
		};
		BBD4E81927457F1200C7A0FF /* JustDropItUITests */ = {
			isa = PBXGroup;
			children = (
				BBD4E81A27457F1200C7A0FF /* JustDropItUITests.swift */,
				BBD4E81C27457F1200C7A0FF /* JustDropItUITestsLaunchTests.swift */,
			);
			path = JustDropItUITests;
			sourceTree = "<group>";
		};
/* End PBXGroup section */

/* Begin PBXNativeTarget section */
		BBD4E7F527457F1000C7A0FF /* JustDropIt */ = {
			isa = PBXNativeTarget;
			buildConfigurationList = BBD4E82027457F1200C7A0FF /* Build configuration list for PBXNativeTarget "JustDropIt" */;
			buildPhases = (
				BBD4E7F227457F1000C7A0FF /* Sources */,
				BBD4E7F327457F1000C7A0FF /* Frameworks */,
				BBD4E7F427457F1000C7A0FF /* Resources */,
			);
			buildRules = (
			);
			dependencies = (
			);
			name = JustDropIt;
			productName = JustDropIt;
			productReference = BBD4E7F627457F1000C7A0FF /* JustDropIt.app */;
			productType = "com.apple.product-type.application";
		};
		BBD4E80B27457F1200C7A0FF /* JustDropItTests */ = {
			isa = PBXNativeTarget;
			buildConfigurationList = BBD4E82327457F1200C7A0FF /* Build configuration list for PBXNativeTarget "JustDropItTests" */;
			buildPhases = (
				BBD4E80827457F1200C7A0FF /* Sources */,
				BBD4E80927457F1200C7A0FF /* Frameworks */,
				BBD4E80A27457F1200C7A0FF /* Resources */,
			);
			buildRules = (
			);
			dependencies = (
				BBD4E80E27457F1200C7A0FF /* PBXTargetDependency */,
			);
			name = JustDropItTests;
			productName = JustDropItTests;
			productReference = BBD4E80C27457F1200C7A0FF /* JustDropItTests.xctest */;
			productType = "com.apple.product-type.bundle.unit-test";
		};
		BBD4E81527457F1200C7A0FF /* JustDropItUITests */ = {
			isa = PBXNativeTarget;
			buildConfigurationList = BBD4E82627457F1200C7A0FF /* Build configuration list for PBXNativeTarget "JustDropItUITests" */;
			buildPhases = (
				BBD4E81227457F1200C7A0FF /* Sources */,
				BBD4E81327457F1200C7A0FF /* Frameworks */,
				BBD4E81427457F1200C7A0FF /* Resources */,
			);
			buildRules = (
			);
			dependencies = (
				BBD4E81827457F1200C7A0FF /* PBXTargetDependency */,
			);
			name = JustDropItUITests;
			productName = JustDropItUITests;
			productReference = BBD4E81627457F1200C7A0FF /* JustDropItUITests.xctest */;
			productType = "com.apple.product-type.bundle.ui-testing";
		};
/* End PBXNativeTarget section */

/* Begin PBXProject section */
		BBD4E7EE27457F1000C7A0FF /* Project object */ = {
			isa = PBXProject;
			attributes = {
				BuildIndependentTargetsInParallel = 1;
				LastSwiftUpdateCheck = 1310;
				LastUpgradeCheck = 1310;
				TargetAttributes = {
					BBD4E7F527457F1000C7A0FF = {
						CreatedOnToolsVersion = 13.1;
					};
					BBD4E80B27457F1200C7A0FF = {
						CreatedOnToolsVersion = 13.1;
						TestTargetID = BBD4E7F527457F1000C7A0FF;
					};
					BBD4E81527457F1200C7A0FF = {
						CreatedOnToolsVersion = 13.1;
						TestTargetID = BBD4E7F527457F1000C7A0FF;
					};
				};
			};
			buildConfigurationList = BBD4E7F127457F1000C7A0FF /* Build configuration list for PBXProject "JustDropIt" */;
			compatibilityVersion = "Xcode 13.0";
			developmentRegion = en;
			hasScannedForEncodings = 0;
			knownRegions = (
				en,
				Base,
			);
			mainGroup = BBD4E7ED27457F1000C7A0FF;
			productRefGroup = BBD4E7F727457F1000C7A0FF /* Products */;
			projectDirPath = "";
			projectRoot = "";
			targets = (
				BBD4E7F527457F1000C7A0FF /* JustDropIt */,
				BBD4E80B27457F1200C7A0FF /* JustDropItTests */,
				BBD4E81527457F1200C7A0FF /* JustDropItUITests */,
			);
		};
/* End PBXProject section */

/* Begin PBXResourcesBuildPhase section */
		BBD4E7F427457F1000C7A0FF /* Resources */ = {
			isa = PBXResourcesBuildPhase;
			buildActionMask = 2147483647;
			files = (
				BBD4E80627457F1200C7A0FF /* LaunchScreen.storyboard in Resources */,
				BBD4E80327457F1200C7A0FF /* Assets.xcassets in Resources */,
				BBD4E80127457F1000C7A0FF /* Main.storyboard in Resources */,
			);
			runOnlyForDeploymentPostprocessing = 0;
		};
		BBD4E80A27457F1200C7A0FF /* Resources */ = {
			isa = PBXResourcesBuildPhase;
			buildActionMask = 2147483647;
			files = (
			);
			runOnlyForDeploymentPostprocessing = 0;
		};
		BBD4E81427457F1200C7A0FF /* Resources */ = {
			isa = PBXResourcesBuildPhase;
			buildActionMask = 2147483647;
			files = (
			);
			runOnlyForDeploymentPostprocessing = 0;
		};
/* End PBXResourcesBuildPhase section */

/* Begin PBXSourcesBuildPhase section */
		BBD4E7F227457F1000C7A0FF /* Sources */ = {
			isa = PBXSourcesBuildPhase;
			buildActionMask = 2147483647;
			files = (
				BBD4E7FE27457F1000C7A0FF /* ViewController.swift in Sources */,
				BBD4E7FA27457F1000C7A0FF /* AppDelegate.swift in Sources */,
				BBD4E7FC27457F1000C7A0FF /* SceneDelegate.swift in Sources */,
			);
			runOnlyForDeploymentPostprocessing = 0;
		};
		BBD4E80827457F1200C7A0FF /* Sources */ = {
			isa = PBXSourcesBuildPhase;
			buildActionMask = 2147483647;
			files = (
				BBD4E81127457F1200C7A0FF /* JustDropItTests.swift in Sources */,
			);
			runOnlyForDeploymentPostprocessing = 0;
		};
		BBD4E81227457F1200C7A0FF /* Sources */ = {
			isa = PBXSourcesBuildPhase;
			buildActionMask = 2147483647;
			files = (
				BBD4E81D27457F1200C7A0FF /* JustDropItUITestsLaunchTests.swift in Sources */,
				BBD4E81B27457F1200C7A0FF /* JustDropItUITests.swift in Sources */,
			);
			runOnlyForDeploymentPostprocessing = 0;
		};
/* End PBXSourcesBuildPhase section */

/* Begin PBXTargetDependency section */
		BBD4E80E27457F1200C7A0FF /* PBXTargetDependency */ = {
			isa = PBXTargetDependency;
			target = BBD4E7F527457F1000C7A0FF /* JustDropIt */;
			targetProxy = BBD4E80D27457F1200C7A0FF /* PBXContainerItemProxy */;
		};
		BBD4E81827457F1200C7A0FF /* PBXTargetDependency */ = {
			isa = PBXTargetDependency;
			target = BBD4E7F527457F1000C7A0FF /* JustDropIt */;
			targetProxy = BBD4E81727457F1200C7A0FF /* PBXContainerItemProxy */;
		};
/* End PBXTargetDependency section */

/* Begin PBXVariantGroup section */
		BBD4E7FF27457F1000C7A0FF /* Main.storyboard */ = {
			isa = PBXVariantGroup;
			children = (
				BBD4E80027457F1000C7A0FF /* Base */,
			);
			name = Main.storyboard;
			sourceTree = "<group>";
		};
		BBD4E80427457F1200C7A0FF /* LaunchScreen.storyboard */ = {
			isa = PBXVariantGroup;
			children = (
				BBD4E80527457F1200C7A0FF /* Base */,
			);
			name = LaunchScreen.storyboard;
			sourceTree = "<group>";
		};
/* End PBXVariantGroup section */

/* Begin XCBuildConfiguration section */
		BBD4E81E27457F1200C7A0FF /* Debug */ = {
			isa = XCBuildConfiguration;
			buildSettings = {
				ALWAYS_SEARCH_USER_PATHS = NO;
				CLANG_ANALYZER_NONNULL = YES;
				CLANG_ANALYZER_NUMBER_OBJECT_CONVERSION = YES_AGGRESSIVE;
				CLANG_CXX_LANGUAGE_STANDARD = "gnu++17";
				CLANG_CXX_LIBRARY = "libc++";
				CLANG_ENABLE_MODULES = YES;
				CLANG_ENABLE_OBJC_ARC = YES;
				CLANG_ENABLE_OBJC_WEAK = YES;
				CLANG_WARN_BLOCK_CAPTURE_AUTORELEASING = YES;
				CLANG_WARN_BOOL_CONVERSION = YES;
				CLANG_WARN_COMMA = YES;
				CLANG_WARN_CONSTANT_CONVERSION = YES;
				CLANG_WARN_DEPRECATED_OBJC_IMPLEMENTATIONS = YES;
				CLANG_WARN_DIRECT_OBJC_ISA_USAGE = YES_ERROR;
				CLANG_WARN_DOCUMENTATION_COMMENTS = YES;
				CLANG_WARN_EMPTY_BODY = YES;
				CLANG_WARN_ENUM_CONVERSION = YES;
				CLANG_WARN_INFINITE_RECURSION = YES;
				CLANG_WARN_INT_CONVERSION = YES;
				CLANG_WARN_NON_LITERAL_NULL_CONVERSION = YES;
				CLANG_WARN_OBJC_IMPLICIT_RETAIN_SELF = YES;
				CLANG_WARN_OBJC_LITERAL_CONVERSION = YES;
				CLANG_WARN_OBJC_ROOT_CLASS = YES_ERROR;
				CLANG_WARN_QUOTED_INCLUDE_IN_FRAMEWORK_HEADER = YES;
				CLANG_WARN_RANGE_LOOP_ANALYSIS = YES;
				CLANG_WARN_STRICT_PROTOTYPES = YES;
				CLANG_WARN_SUSPICIOUS_MOVE = YES;
				CLANG_WARN_UNGUARDED_AVAILABILITY = YES_AGGRESSIVE;
				CLANG_WARN_UNREACHABLE_CODE = YES;
				CLANG_WARN__DUPLICATE_METHOD_MATCH = YES;
				COPY_PHASE_STRIP = NO;
				DEBUG_INFORMATION_FORMAT = dwarf;
				ENABLE_STRICT_OBJC_MSGSEND = YES;
				ENABLE_TESTABILITY = YES;
				GCC_C_LANGUAGE_STANDARD = gnu11;
				GCC_DYNAMIC_NO_PIC = NO;
				GCC_NO_COMMON_BLOCKS = YES;
				GCC_OPTIMIZATION_LEVEL = 0;
				GCC_PREPROCESSOR_DEFINITIONS = (
					"DEBUG=1",
					"$(inherited)",
				);
				GCC_WARN_64_TO_32_BIT_CONVERSION = YES;
				GCC_WARN_ABOUT_RETURN_TYPE = YES_ERROR;
				GCC_WARN_UNDECLARED_SELECTOR = YES;
				GCC_WARN_UNINITIALIZED_AUTOS = YES_AGGRESSIVE;
				GCC_WARN_UNUSED_FUNCTION = YES;
				GCC_WARN_UNUSED_VARIABLE = YES;
				IPHONEOS_DEPLOYMENT_TARGET = 15.0;
				MTL_ENABLE_DEBUG_INFO = INCLUDE_SOURCE;
				MTL_FAST_MATH = YES;
				ONLY_ACTIVE_ARCH = YES;
				SDKROOT = iphoneos;
				SWIFT_ACTIVE_COMPILATION_CONDITIONS = DEBUG;
				SWIFT_OPTIMIZATION_LEVEL = "-Onone";
			};
			name = Debug;
		};
		BBD4E81F27457F1200C7A0FF /* Release */ = {
			isa = XCBuildConfiguration;
			buildSettings = {
				ALWAYS_SEARCH_USER_PATHS = NO;
				CLANG_ANALYZER_NONNULL = YES;
				CLANG_ANALYZER_NUMBER_OBJECT_CONVERSION = YES_AGGRESSIVE;
				CLANG_CXX_LANGUAGE_STANDARD = "gnu++17";
				CLANG_CXX_LIBRARY = "libc++";
				CLANG_ENABLE_MODULES = YES;
				CLANG_ENABLE_OBJC_ARC = YES;
				CLANG_ENABLE_OBJC_WEAK = YES;
				CLANG_WARN_BLOCK_CAPTURE_AUTORELEASING = YES;
				CLANG_WARN_BOOL_CONVERSION = YES;
				CLANG_WARN_COMMA = YES;
				CLANG_WARN_CONSTANT_CONVERSION = YES;
				CLANG_WARN_DEPRECATED_OBJC_IMPLEMENTATIONS = YES;
				CLANG_WARN_DIRECT_OBJC_ISA_USAGE = YES_ERROR;
				CLANG_WARN_DOCUMENTATION_COMMENTS = YES;
				CLANG_WARN_EMPTY_BODY = YES;
				CLANG_WARN_ENUM_CONVERSION = YES;
				CLANG_WARN_INFINITE_RECURSION = YES;
				CLANG_WARN_INT_CONVERSION = YES;
				CLANG_WARN_NON_LITERAL_NULL_CONVERSION = YES;
				CLANG_WARN_OBJC_IMPLICIT_RETAIN_SELF = YES;
				CLANG_WARN_OBJC_LITERAL_CONVERSION = YES;
				CLANG_WARN_OBJC_ROOT_CLASS = YES_ERROR;
				CLANG_WARN_QUOTED_INCLUDE_IN_FRAMEWORK_HEADER = YES;
				CLANG_WARN_RANGE_LOOP_ANALYSIS = YES;
				CLANG_WARN_STRICT_PROTOTYPES = YES;
				CLANG_WARN_SUSPICIOUS_MOVE = YES;
				CLANG_WARN_UNGUARDED_AVAILABILITY = YES_AGGRESSIVE;
				CLANG_WARN_UNREACHABLE_CODE = YES;
				CLANG_WARN__DUPLICATE_METHOD_MATCH = YES;
				COPY_PHASE_STRIP = NO;
				DEBUG_INFORMATION_FORMAT = "dwarf-with-dsym";
				ENABLE_NS_ASSERTIONS = NO;
				ENABLE_STRICT_OBJC_MSGSEND = YES;
				GCC_C_LANGUAGE_STANDARD = gnu11;
				GCC_NO_COMMON_BLOCKS = YES;
				GCC_WARN_64_TO_32_BIT_CONVERSION = YES;
				GCC_WARN_ABOUT_RETURN_TYPE = YES_ERROR;
				GCC_WARN_UNDECLARED_SELECTOR = YES;
				GCC_WARN_UNINITIALIZED_AUTOS = YES_AGGRESSIVE;
				GCC_WARN_UNUSED_FUNCTION = YES;
				GCC_WARN_UNUSED_VARIABLE = YES;
				IPHONEOS_DEPLOYMENT_TARGET = 15.0;
				MTL_ENABLE_DEBUG_INFO = NO;
				MTL_FAST_MATH = YES;
				SDKROOT = iphoneos;
				SWIFT_COMPILATION_MODE = wholemodule;
				SWIFT_OPTIMIZATION_LEVEL = "-O";
				VALIDATE_PRODUCT = YES;
			};
			name = Release;
		};
		BBD4E82127457F1200C7A0FF /* Debug */ = {
			isa = XCBuildConfiguration;
			buildSettings = {
				ASSETCATALOG_COMPILER_APPICON_NAME = AppIcon;
				ASSETCATALOG_COMPILER_GLOBAL_ACCENT_COLOR_NAME = AccentColor;
				CODE_SIGN_STYLE = Automatic;
				CURRENT_PROJECT_VERSION = 1;
				GENERATE_INFOPLIST_FILE = YES;
				INFOPLIST_FILE = JustDropIt/Info.plist;
				INFOPLIST_KEY_UIApplicationSupportsIndirectInputEvents = YES;
				INFOPLIST_KEY_UILaunchStoryboardName = LaunchScreen;
				INFOPLIST_KEY_UIMainStoryboardFile = Main;
				INFOPLIST_KEY_UISupportedInterfaceOrientations_iPad = "UIInterfaceOrientationPortrait UIInterfaceOrientationPortraitUpsideDown UIInterfaceOrientationLandscapeLeft UIInterfaceOrientationLandscapeRight";
				INFOPLIST_KEY_UISupportedInterfaceOrientations_iPhone = "UIInterfaceOrientationPortrait UIInterfaceOrientationLandscapeLeft UIInterfaceOrientationLandscapeRight";
				LD_RUNPATH_SEARCH_PATHS = (
					"$(inherited)",
					"@executable_path/Frameworks",
				);
				MARKETING_VERSION = 1.0;
				PRODUCT_BUNDLE_IDENTIFIER = com.aaryandehade.JustDropIt;
				PRODUCT_NAME = "$(TARGET_NAME)";
				SWIFT_EMIT_LOC_STRINGS = YES;
				SWIFT_VERSION = 5.0;
				TARGETED_DEVICE_FAMILY = "1,2";
			};
			name = Debug;
		};
		BBD4E82227457F1200C7A0FF /* Release */ = {
			isa = XCBuildConfiguration;
			buildSettings = {
				ASSETCATALOG_COMPILER_APPICON_NAME = AppIcon;
				ASSETCATALOG_COMPILER_GLOBAL_ACCENT_COLOR_NAME = AccentColor;
				CODE_SIGN_STYLE = Automatic;
				CURRENT_PROJECT_VERSION = 1;
				GENERATE_INFOPLIST_FILE = YES;
				INFOPLIST_FILE = JustDropIt/Info.plist;
				INFOPLIST_KEY_UIApplicationSupportsIndirectInputEvents = YES;
				INFOPLIST_KEY_UILaunchStoryboardName = LaunchScreen;
				INFOPLIST_KEY_UIMainStoryboardFile = Main;
				INFOPLIST_KEY_UISupportedInterfaceOrientations_iPad = "UIInterfaceOrientationPortrait UIInterfaceOrientationPortraitUpsideDown UIInterfaceOrientationLandscapeLeft UIInterfaceOrientationLandscapeRight";
				INFOPLIST_KEY_UISupportedInterfaceOrientations_iPhone = "UIInterfaceOrientationPortrait UIInterfaceOrientationLandscapeLeft UIInterfaceOrientationLandscapeRight";
				LD_RUNPATH_SEARCH_PATHS = (
					"$(inherited)",
					"@executable_path/Frameworks",
				);
				MARKETING_VERSION = 1.0;
				PRODUCT_BUNDLE_IDENTIFIER = com.aaryandehade.JustDropIt;
				PRODUCT_NAME = "$(TARGET_NAME)";
				SWIFT_EMIT_LOC_STRINGS = YES;
				SWIFT_VERSION = 5.0;
				TARGETED_DEVICE_FAMILY = "1,2";
			};
			name = Release;
		};
		BBD4E82427457F1200C7A0FF /* Debug */ = {
			isa = XCBuildConfiguration;
			buildSettings = {
				ALWAYS_EMBED_SWIFT_STANDARD_LIBRARIES = YES;
				BUNDLE_LOADER = "$(TEST_HOST)";
				CODE_SIGN_STYLE = Automatic;
				CURRENT_PROJECT_VERSION = 1;
				GENERATE_INFOPLIST_FILE = YES;
				IPHONEOS_DEPLOYMENT_TARGET = 15.0;
				LD_RUNPATH_SEARCH_PATHS = (
					"$(inherited)",
					"@executable_path/Frameworks",
					"@loader_path/Frameworks",
				);
				MARKETING_VERSION = 1.0;
				PRODUCT_BUNDLE_IDENTIFIER = com.aaryandehade.JustDropItTests;
				PRODUCT_NAME = "$(TARGET_NAME)";
				SWIFT_EMIT_LOC_STRINGS = NO;
				SWIFT_VERSION = 5.0;
				TARGETED_DEVICE_FAMILY = "1,2";
				TEST_HOST = "$(BUILT_PRODUCTS_DIR)/JustDropIt.app/JustDropIt";
			};
			name = Debug;
		};
		BBD4E82527457F1200C7A0FF /* Release */ = {
			isa = XCBuildConfiguration;
			buildSettings = {
				ALWAYS_EMBED_SWIFT_STANDARD_LIBRARIES = YES;
				BUNDLE_LOADER = "$(TEST_HOST)";
				CODE_SIGN_STYLE = Automatic;
				CURRENT_PROJECT_VERSION = 1;
				GENERATE_INFOPLIST_FILE = YES;
				IPHONEOS_DEPLOYMENT_TARGET = 15.0;
				LD_RUNPATH_SEARCH_PATHS = (
					"$(inherited)",
					"@executable_path/Frameworks",
					"@loader_path/Frameworks",
				);
				MARKETING_VERSION = 1.0;
				PRODUCT_BUNDLE_IDENTIFIER = com.aaryandehade.JustDropItTests;
				PRODUCT_NAME = "$(TARGET_NAME)";
				SWIFT_EMIT_LOC_STRINGS = NO;
				SWIFT_VERSION = 5.0;
				TARGETED_DEVICE_FAMILY = "1,2";
				TEST_HOST = "$(BUILT_PRODUCTS_DIR)/JustDropIt.app/JustDropIt";
			};
			name = Release;
		};
		BBD4E82727457F1200C7A0FF /* Debug */ = {
			isa = XCBuildConfiguration;
			buildSettings = {
				ALWAYS_EMBED_SWIFT_STANDARD_LIBRARIES = YES;
				CODE_SIGN_STYLE = Automatic;
				CURRENT_PROJECT_VERSION = 1;
				GENERATE_INFOPLIST_FILE = YES;
				LD_RUNPATH_SEARCH_PATHS = (
					"$(inherited)",
					"@executable_path/Frameworks",
					"@loader_path/Frameworks",
				);
				MARKETING_VERSION = 1.0;
				PRODUCT_BUNDLE_IDENTIFIER = com.aaryandehade.JustDropItUITests;
				PRODUCT_NAME = "$(TARGET_NAME)";
				SWIFT_EMIT_LOC_STRINGS = NO;
				SWIFT_VERSION = 5.0;
				TARGETED_DEVICE_FAMILY = "1,2";
				TEST_TARGET_NAME = JustDropIt;
			};
			name = Debug;
		};
		BBD4E82827457F1200C7A0FF /* Release */ = {
			isa = XCBuildConfiguration;
			buildSettings = {
				ALWAYS_EMBED_SWIFT_STANDARD_LIBRARIES = YES;
				CODE_SIGN_STYLE = Automatic;
				CURRENT_PROJECT_VERSION = 1;
				GENERATE_INFOPLIST_FILE = YES;
				LD_RUNPATH_SEARCH_PATHS = (
					"$(inherited)",
					"@executable_path/Frameworks",
					"@loader_path/Frameworks",
				);
				MARKETING_VERSION = 1.0;
				PRODUCT_BUNDLE_IDENTIFIER = com.aaryandehade.JustDropItUITests;
				PRODUCT_NAME = "$(TARGET_NAME)";
				SWIFT_EMIT_LOC_STRINGS = NO;
				SWIFT_VERSION = 5.0;
				TARGETED_DEVICE_FAMILY = "1,2";
				TEST_TARGET_NAME = JustDropIt;
			};
			name = Release;
		};
/* End XCBuildConfiguration section */

/* Begin XCConfigurationList section */
		BBD4E7F127457F1000C7A0FF /* Build configuration list for PBXProject "JustDropIt" */ = {
			isa = XCConfigurationList;
			buildConfigurations = (
				BBD4E81E27457F1200C7A0FF /* Debug */,
				BBD4E81F27457F1200C7A0FF /* Release */,
			);
			defaultConfigurationIsVisible = 0;
			defaultConfigurationName = Release;
		};
		BBD4E82027457F1200C7A0FF /* Build configuration list for PBXNativeTarget "JustDropIt" */ = {
			isa = XCConfigurationList;
			buildConfigurations = (
				BBD4E82127457F1200C7A0FF /* Debug */,
				BBD4E82227457F1200C7A0FF /* Release */,
			);
			defaultConfigurationIsVisible = 0;
			defaultConfigurationName = Release;
		};
		BBD4E82327457F1200C7A0FF /* Build configuration list for PBXNativeTarget "JustDropItTests" */ = {
			isa = XCConfigurationList;
			buildConfigurations = (
				BBD4E82427457F1200C7A0FF /* Debug */,
				BBD4E82527457F1200C7A0FF /* Release */,
			);
			defaultConfigurationIsVisible = 0;
			defaultConfigurationName = Release;
		};
		BBD4E82627457F1200C7A0FF /* Build configuration list for PBXNativeTarget "JustDropItUITests" */ = {
			isa = XCConfigurationList;
			buildConfigurations = (
				BBD4E82727457F1200C7A0FF /* Debug */,
				BBD4E82827457F1200C7A0FF /* Release */,
			);
			defaultConfigurationIsVisible = 0;
			defaultConfigurationName = Release;
		};
/* End XCConfigurationList section */
	};
	rootObject = BBD4E7EE27457F1000C7A0FF /* Project object */;
}
